# This file is automatically @generated by Cargo.
# It is not intended for manual editing.
version = 3

[[package]]
name = "aes"
version = "0.1.0"
dependencies = [
 "crypto-primitives",
]

[[package]]
name = "crypto-primitives"
version = "0.3.1"

[[package]]
name = "des"
version = "0.1.2"
dependencies = [
 "crypto-primitives",
]

[[package]]
name = "symciph"
version = "0.1.0"
dependencies = [
 "aes",
 "crypto-primitives",
 "des",
 "triple-des",
]

[[package]]
name = "triple-des"
version = "0.1.1"
dependencies = [
 "des",
]
